
Microsoft Visual Studio Solution File, Format Version 12.00
# Visual Studio 14
VisualStudioVersion = 14.0.25420.1
MinimumVisualStudioVersion = 10.0.40219.1
Project("{2150E333-8FDC-42A3-9474-1A3956D46DE8}") = "src", "src", "{FE0DD862-EC30-49CB-BCB8-37C6789D540A}"
EndProject
Project("{2150E333-8FDC-42A3-9474-1A3956D46DE8}") = "Solution Items", "Solution Items", "{F6901416-F394-4575-9C21-E78DA50D314A}"
	ProjectSection(SolutionItems) = preProject
		global.json = global.json
	EndProjectSection
EndProject
Project("{8BB2217D-0F2D-49D1-97BC-3654ED321F3B}") = "BasicAuthentication", "src\BasicAuthentication\BasicAuthentication.xproj", "{372D94B6-7548-46A7-8FE2-F7029BB42A45}"
EndProject
Global
	GlobalSection(SolutionConfigurationPlatforms) = preSolution
		Debug|Any CPU = Debug|Any CPU
		Release|Any CPU = Release|Any CPU
	EndGlobalSection
	GlobalSection(ProjectConfigurationPlatforms) = postSolution
		{372D94B6-7548-46A7-8FE2-F7029BB42A45}.Debug|Any CPU.ActiveCfg = Debug|Any CPU
		{372D94B6-7548-46A7-8FE2-F7029BB42A45}.Debug|Any CPU.Build.0 = Debug|Any CPU
		{372D94B6-7548-46A7-8FE2-F7029BB42A45}.Release|Any CPU.ActiveCfg = Release|Any CPU
		{372D94B6-7548-46A7-8FE2-F7029BB42A45}.Release|Any CPU.Build.0 = Release|Any CPU
	EndGlobalSection
	GlobalSection(SolutionProperties) = preSolution
		HideSolutionNode = FALSE
	EndGlobalSection
	GlobalSection(NestedProjects) = preSolution
		{372D94B6-7548-46A7-8FE2-F7029BB42A45} = {FE0DD862-EC30-49CB-BCB8-37C6789D540A}
	EndGlobalSection
EndGlobal
